
Microsoft Visual Studio Solution File, Format Version 12.00
# Visual Studio 14
VisualStudioVersion = 14.0.25420.1
MinimumVisualStudioVersion = 10.0.40219.1
Project("{E24C65DC-7377-472B-9ABA-BC803B73C61A}") = "WebSite3", "..\..\..\..\Source\WebSite3\", "{CFD5BA21-3E17-470B-97B2-EB6096E1CEC9}"
	ProjectSection(WebsiteProperties) = preProject
		TargetFrameworkMoniker = ".NETFramework,Version%3Dv4.5.2"
		Debug.AspNetCompiler.VirtualPath = "/localhost_50967"
		Debug.AspNetCompiler.PhysicalPath = "..\..\..\..\Source\WebSite3\"
		Debug.AspNetCompiler.TargetPath = "PrecompiledWeb\localhost_50967\"
		Debug.AspNetCompiler.Updateable = "true"
		Debug.AspNetCompiler.ForceOverwrite = "true"
		Debug.AspNetCompiler.FixedNames = "false"
		Debug.AspNetCompiler.Debug = "True"
		Release.AspNetCompiler.VirtualPath = "/localhost_50967"
		Release.AspNetCompiler.PhysicalPath = "..\..\..\..\Source\WebSite3\"
		Release.AspNetCompiler.TargetPath = "PrecompiledWeb\localhost_50967\"
		Release.AspNetCompiler.Updateable = "true"
		Release.AspNetCompiler.ForceOverwrite = "true"
		Release.AspNetCompiler.FixedNames = "false"
		Release.AspNetCompiler.Debug = "False"
		VWDPort = "50967"
		SlnRelativePath = "..\..\..\..\Source\WebSite3\"
		DefaultWebSiteLanguage = "Visual C#"
	EndProjectSection
EndProject
Global
	GlobalSection(SolutionConfigurationPlatforms) = preSolution
		Debug|Any CPU = Debug|Any CPU
	EndGlobalSection
	GlobalSection(ProjectConfigurationPlatforms) = postSolution
		{CFD5BA21-3E17-470B-97B2-EB6096E1CEC9}.Debug|Any CPU.ActiveCfg = Debug|Any CPU
		{CFD5BA21-3E17-470B-97B2-EB6096E1CEC9}.Debug|Any CPU.Build.0 = Debug|Any CPU
	EndGlobalSection
	GlobalSection(SolutionProperties) = preSolution
		HideSolutionNode = FALSE
	EndGlobalSection
EndGlobal
